{
  "nodes": {
    "advisory-db": {
      "flake": false,
      "locked": {
        "lastModified": 1733318068,
        "narHash": "sha256-liav7uY7CQLqOhmEKc6h0O5ldQBv+RgfndP9RF6W4po=",
        "owner": "rustsec",
        "repo": "advisory-db",
        "rev": "f34e88949c5a06c6a2e669ebc50d40cb7f66d050",
        "type": "github"
      },
      "original": {
        "owner": "rustsec",
        "repo": "advisory-db",
        "type": "github"
      }
    },
    "crane": {
      "locked": {
        "lastModified": 1733286231,
        "narHash": "sha256-mlIDSv1/jqWnH8JTiOV7GMUNPCXL25+6jmD+7hdxx5o=",
        "owner": "ipetkov",
        "repo": "crane",
        "rev": "af1556ecda8bcf305820f68ec2f9d77b41d9cc80",
        "type": "github"
      },
      "original": {
        "owner": "ipetkov",
        "repo": "crane",
        "type": "github"
      }
    },
    "nixpkgs": {
      "locked": {
        "lastModified": 1733097829,
        "narHash": "sha256-9hbb1rqGelllb4kVUCZ307G2k3/UhmA8PPGBoyuWaSw=",
        "owner": "NixOS",
        "repo": "nixpkgs",
        "rev": "2c15aa59df0017ca140d9ba302412298ab4bf22a",
        "type": "github"
      },
      "original": {
        "owner": "NixOS",
        "ref": "nixpkgs-unstable",
        "repo": "nixpkgs",
        "type": "github"
      }
    },
    "root": {
      "inputs": {
        "advisory-db": "advisory-db",
        "crane": "crane",
        "nixpkgs": "nixpkgs",
        "rust-overlay": "rust-overlay"
      }
    },
    "rust-overlay": {
      "inputs": {
        "nixpkgs": [
          "nixpkgs"
        ]
      },
      "locked": {
        "lastModified": 1733279627,
        "narHash": "sha256-NCNDAGPkdFdu+DLErbmNbavmVW9AwkgP7azROFFSB0U=",
        "owner": "oxalica",
        "repo": "rust-overlay",
        "rev": "4da5a80ef76039e80468c902f1e9f5c0eab87d96",
        "type": "github"
      },
      "original": {
        "owner": "oxalica",
        "repo": "rust-overlay",
        "type": "github"
      }
    }
  },
  "root": "root",
  "version": 7
}
